{
  "name": "transformers",
  "version": "1.0.0",
  "lockfileVersion": 3,
  "requires": true,
  "packages": {
    "": {
      "name": "transformers",
      "version": "1.0.0",
      "license": "ISC",
      "dependencies": {
        "ts-expose-internals": "^4.9.5",
        "typescript": "^4.9.4"
      },
      "devDependencies": {
        "@types/node": "^20.3.1"
      }
    },
    "node_modules/@types/node": {
      "version": "20.3.1",
      "resolved": "https://registry.npmjs.org/@types/node/-/node-20.3.1.tgz",
      "integrity": "sha512-EhcH/wvidPy1WeML3TtYFGR83UzjxeWRen9V402T8aUGYsCHOmfoisV3ZSg03gAFIbLq8TnWOJ0f4cALtnSEUg==",
      "dev": true
    },
    "node_modules/ts-expose-internals": {
      "version": "4.9.5",
      "resolved": "https://registry.npmjs.org/ts-expose-internals/-/ts-expose-internals-4.9.5.tgz",
      "integrity": "sha512-+T1UsxhFi+hbVyYwHrOUb9tjyhry1iJoiDwDRjZZTiBREb7oE78kRHSqyFv8gZhwZCFFOGZyI66X2gHUFAt8lA=="
    },
    "node_modules/typescript": {
      "version": "4.9.4",
      "resolved": "https://registry.npmjs.org/typescript/-/typescript-4.9.4.tgz",
      "integrity": "sha512-Uz+dTXYzxXXbsFpM86Wh3dKCxrQqUcVMxwU54orwlJjOpO3ao8L7j5lH+dWfTwgCwIuM9GQ2kvVotzYJMXTBZg==",
      "bin": {
        "tsc": "bin/tsc",
        "tsserver": "bin/tsserver"
      },
      "engines": {
        "node": ">=4.2.0"
      }
    }
  }
}
